<?xml version="1.0" encoding="UTF-8" standalone="yes" ?>
<CodeBlocks_project_file>
	<FileVersion major="1" minor="6" />
	<Project>
		<Option title="VMDetect" />
		<Option makefile_is_custom="1" />
		<Option pch_mode="2" />
		<Option compiler="gcc" />
		<Build>
			<Target title="Debug">
				<Option output=".bin/Debug/VMDetect" prefix_auto="1" extension_auto="1" />
				<Option object_output=".obj/Debug/" />
				<Option type="1" />
				<Option compiler="gcc" />
				<Compiler>
					<Add option="-g" />
				</Compiler>
			</Target>
			<Target title="Release">
				<Option output=".bin/Release/VMDetect" prefix_auto="1" extension_auto="1" />
				<Option object_output=".obj/Release/" />
				<Option type="1" />
				<Option compiler="gcc" />
				<Compiler>
					<Add option="-O2" />
				</Compiler>
				<Linker>
					<Add option="-s" />
				</Linker>
			</Target>
		</Build>
		<Compiler>
			<Add option="-Wall" />
			<Add directory="src/libvmdetect/include" />
		</Compiler>
		<Unit filename="src/include/config.h" />
		<Unit filename="src/include/private/python.h" />
		<Unit filename="src/include/vmdetect/defs.h" />
		<Unit filename="src/include/vmdetect/virtualmachine.h" />
		<Unit filename="src/libvmdetect/common.cc" />
		<Unit filename="src/libvmdetect/include/config.h" />
		<Unit filename="src/libvmdetect/os/linux/virtualmachine.cc" />
		<Unit filename="src/libvmdetect/os/windows/resources.rc" />
		<Unit filename="src/libvmdetect/os/windows/virtualmachine.cc" />
		<Unit filename="src/libvmdetect/os/windows/wmi/diaa_sami_comsupp/diaa_sami_comsupp.cpp" />
		<Unit filename="src/libvmdetect/os/windows/wmi/include/unistd.h" />
		<Unit filename="src/libvmdetect/os/windows/wmi/include/wmi.hpp" />
		<Unit filename="src/libvmdetect/os/windows/wmi/include/wmiclasses.hpp" />
		<Unit filename="src/libvmdetect/os/windows/wmi/include/wmiexception.hpp" />
		<Unit filename="src/libvmdetect/os/windows/wmi/include/wmiresult.hpp" />
		<Unit filename="src/libvmdetect/os/windows/wmi/src/test.cpp" />
		<Unit filename="src/libvmdetect/os/windows/wmi/src/wmi.cpp" />
		<Unit filename="src/libvmdetect/os/windows/wmi/src/wmiresult.cpp" />
		<Unit filename="src/python/get.cc" />
		<Unit filename="src/python/init.c">
			<Option compilerVar="CC" />
		</Unit>
		<Unit filename="src/vmdetect/vmdetect.cc" />
		<Extensions />
	</Project>
</CodeBlocks_project_file>
