<?xml version="1.0" encoding="UTF-8" standalone="yes" ?>
<CodeBlocks_project_file>
	<FileVersion major="1" minor="6" />
	<Project>
		<Option title="VMDetect" />
		<Option makefile_is_custom="1" />
		<Option pch_mode="2" />
		<Option compiler="gcc" />
		<Build>
			<Target title="Debug">
				<Option output=".bin/Debug/VMDetect" prefix_auto="1" extension_auto="1" />
				<Option object_output=".obj/Debug/" />
				<Option type="1" />
				<Option compiler="gcc" />
				<Compiler>
					<Add option="-g" />
				</Compiler>
			</Target>
			<Target title="Release">
				<Option output=".bin/Release/VMDetect" prefix_auto="1" extension_auto="1" />
				<Option object_output=".obj/Release/" />
				<Option type="1" />
				<Option compiler="gcc" />
				<Compiler>
					<Add option="-O2" />
				</Compiler>
				<Linker>
					<Add option="-s" />
				</Linker>
			</Target>
		</Build>
		<Compiler>
			<Add option="-Wall" />
			<Add directory="src/libvmdetect/include" />
		</Compiler>
		<Unit filename="src/include/vmdetect/defs.h" />
		<Unit filename="src/include/vmdetect/virtualmachine.h" />
		<Unit filename="src/libvmdetect/include/config.h" />
		<Unit filename="src/libvmdetect/os/linux/virtualmachine.cc" />
		<Unit filename="src/libvmdetect/os/windows/virtualmachine.cc" />
		<Unit filename="src/vmdetect/vmdetect.cc" />
		<Extensions />
	</Project>
</CodeBlocks_project_file>
